// !$*UTF8*$!
{
	archiveVersion = 1;
	classes = {
	};
	objectVersion = 50;
	objects = {

/* Begin PBXBuildFile section */
		0039EA6526F7598200C10BF9 /* VideoPlayerHelper.swift in Sources */ = {isa = PBXBuildFile; fileRef = 0039EA6426F7598200C10BF9 /* VideoPlayerHelper.swift */; };
		0039EA6726F75DD700C10BF9 /* NationalParkLocation.swift in Sources */ = {isa = PBXBuildFile; fileRef = 0039EA6626F75DD700C10BF9 /* NationalParkLocation.swift */; };
		0039EA6926F7637400C10BF9 /* MapAnnotationView.swift in Sources */ = {isa = PBXBuildFile; fileRef = 0039EA6826F7637400C10BF9 /* MapAnnotationView.swift */; };
		0039EA6B26F76B3B00C10BF9 /* MotionAnimationView.swift in Sources */ = {isa = PBXBuildFile; fileRef = 0039EA6A26F76B3B00C10BF9 /* MotionAnimationView.swift */; };
		0039EA6D26F7A5B100C10BF9 /* AnimalGridItemView.swift in Sources */ = {isa = PBXBuildFile; fileRef = 0039EA6C26F7A5B100C10BF9 /* AnimalGridItemView.swift */; };
		003F73A026F69950004A406B /* SafariApp.swift in Sources */ = {isa = PBXBuildFile; fileRef = 003F739F26F69950004A406B /* SafariApp.swift */; };
		003F73A226F69950004A406B /* ContentView.swift in Sources */ = {isa = PBXBuildFile; fileRef = 003F73A126F69950004A406B /* ContentView.swift */; };
		003F73A426F69952004A406B /* Assets.xcassets in Resources */ = {isa = PBXBuildFile; fileRef = 003F73A326F69952004A406B /* Assets.xcassets */; };
		003F73A726F69952004A406B /* Preview Assets.xcassets in Resources */ = {isa = PBXBuildFile; fileRef = 003F73A626F69952004A406B /* Preview Assets.xcassets */; };
		003F73B926F69AF7004A406B /* giraffe.mp4 in Resources */ = {isa = PBXBuildFile; fileRef = 003F73AF26F69AF2004A406B /* giraffe.mp4 */; };
		003F73BA26F69AF7004A406B /* elephant.mp4 in Resources */ = {isa = PBXBuildFile; fileRef = 003F73B026F69AF3004A406B /* elephant.mp4 */; };
		003F73BB26F69AF7004A406B /* hippo.mp4 in Resources */ = {isa = PBXBuildFile; fileRef = 003F73B126F69AF3004A406B /* hippo.mp4 */; };
		003F73BC26F69AF7004A406B /* gorilla.mp4 in Resources */ = {isa = PBXBuildFile; fileRef = 003F73B226F69AF4004A406B /* gorilla.mp4 */; };
		003F73BD26F69AF7004A406B /* ostrich.mp4 in Resources */ = {isa = PBXBuildFile; fileRef = 003F73B326F69AF4004A406B /* ostrich.mp4 */; };
		003F73BE26F69AF7004A406B /* cheetah.mp4 in Resources */ = {isa = PBXBuildFile; fileRef = 003F73B426F69AF5004A406B /* cheetah.mp4 */; };
		003F73BF26F69AF7004A406B /* lioness.mp4 in Resources */ = {isa = PBXBuildFile; fileRef = 003F73B526F69AF5004A406B /* lioness.mp4 */; };
		003F73C026F69AF7004A406B /* rhino.mp4 in Resources */ = {isa = PBXBuildFile; fileRef = 003F73B626F69AF6004A406B /* rhino.mp4 */; };
		003F73C126F69AF7004A406B /* zebra.mp4 in Resources */ = {isa = PBXBuildFile; fileRef = 003F73B726F69AF6004A406B /* zebra.mp4 */; };
		003F73C226F69AF7004A406B /* lion.mp4 in Resources */ = {isa = PBXBuildFile; fileRef = 003F73B826F69AF7004A406B /* lion.mp4 */; };
		003F73C826F69B17004A406B /* videos.json in Resources */ = {isa = PBXBuildFile; fileRef = 003F73C426F69B17004A406B /* videos.json */; };
		003F73C926F69B17004A406B /* animals.json in Resources */ = {isa = PBXBuildFile; fileRef = 003F73C526F69B17004A406B /* animals.json */; };
		003F73CA26F69B18004A406B /* locations.json in Resources */ = {isa = PBXBuildFile; fileRef = 003F73C626F69B17004A406B /* locations.json */; };
		003F73CB26F69B18004A406B /* covers.json in Resources */ = {isa = PBXBuildFile; fileRef = 003F73C726F69B17004A406B /* covers.json */; };
		003F73CE26F69C92004A406B /* VideoListView.swift in Sources */ = {isa = PBXBuildFile; fileRef = 003F73CD26F69C92004A406B /* VideoListView.swift */; };
		003F73D026F69CC5004A406B /* MapView.swift in Sources */ = {isa = PBXBuildFile; fileRef = 003F73CF26F69CC5004A406B /* MapView.swift */; };
		003F73D326F69CE7004A406B /* GalleryView.swift in Sources */ = {isa = PBXBuildFile; fileRef = 003F73D226F69CE7004A406B /* GalleryView.swift */; };
		003F73D526F69CFC004A406B /* MainView.swift in Sources */ = {isa = PBXBuildFile; fileRef = 003F73D426F69CFC004A406B /* MainView.swift */; };
		003F73D826F69F67004A406B /* CoverImageView.swift in Sources */ = {isa = PBXBuildFile; fileRef = 003F73D726F69F67004A406B /* CoverImageView.swift */; };
		003F73DB26F6A10A004A406B /* CoverImageModel.swift in Sources */ = {isa = PBXBuildFile; fileRef = 003F73DA26F6A10A004A406B /* CoverImageModel.swift */; };
		003F73DE26F6A19F004A406B /* CodableBundleExtension.swift in Sources */ = {isa = PBXBuildFile; fileRef = 003F73DD26F6A19F004A406B /* CodableBundleExtension.swift */; };
		00F07EAA26F70CDE00F5DD33 /* AnimalaListItemView.swift in Sources */ = {isa = PBXBuildFile; fileRef = 00F07EA926F70CDE00F5DD33 /* AnimalaListItemView.swift */; };
		00F07EAC26F70EDE00F5DD33 /* AnimalModel.swift in Sources */ = {isa = PBXBuildFile; fileRef = 00F07EAB26F70EDE00F5DD33 /* AnimalModel.swift */; };
		00F07EAE26F7222C00F5DD33 /* AnimalDetailView.swift in Sources */ = {isa = PBXBuildFile; fileRef = 00F07EAD26F7222C00F5DD33 /* AnimalDetailView.swift */; };
		00F07EB026F724FB00F5DD33 /* HeadingView.swift in Sources */ = {isa = PBXBuildFile; fileRef = 00F07EAF26F724FB00F5DD33 /* HeadingView.swift */; };
		00F07EB226F7268100F5DD33 /* InsetGalleryView.swift in Sources */ = {isa = PBXBuildFile; fileRef = 00F07EB126F7268100F5DD33 /* InsetGalleryView.swift */; };
		00F07EB426F72B7200F5DD33 /* InsetFactView.swift in Sources */ = {isa = PBXBuildFile; fileRef = 00F07EB326F72B7200F5DD33 /* InsetFactView.swift */; };
		00F07EB626F72E5400F5DD33 /* InsetMapView.swift in Sources */ = {isa = PBXBuildFile; fileRef = 00F07EB526F72E5400F5DD33 /* InsetMapView.swift */; };
		00F07EB826F7324500F5DD33 /* ExternalWebLinkView.swift in Sources */ = {isa = PBXBuildFile; fileRef = 00F07EB726F7324500F5DD33 /* ExternalWebLinkView.swift */; };
		00F07EBA26F73B6700F5DD33 /* Video.swift in Sources */ = {isa = PBXBuildFile; fileRef = 00F07EB926F73B6700F5DD33 /* Video.swift */; };
		00F07EBC26F73BA200F5DD33 /* VideListItemView.swift in Sources */ = {isa = PBXBuildFile; fileRef = 00F07EBB26F73BA200F5DD33 /* VideListItemView.swift */; };
		00F07EBE26F7412A00F5DD33 /* VideoPlayerView.swift in Sources */ = {isa = PBXBuildFile; fileRef = 00F07EBD26F7412A00F5DD33 /* VideoPlayerView.swift */; };
/* End PBXBuildFile section */

/* Begin PBXFileReference section */
		0039EA6426F7598200C10BF9 /* VideoPlayerHelper.swift */ = {isa = PBXFileReference; lastKnownFileType = sourcecode.swift; path = VideoPlayerHelper.swift; sourceTree = "<group>"; };
		0039EA6626F75DD700C10BF9 /* NationalParkLocation.swift */ = {isa = PBXFileReference; lastKnownFileType = sourcecode.swift; path = NationalParkLocation.swift; sourceTree = "<group>"; };
		0039EA6826F7637400C10BF9 /* MapAnnotationView.swift */ = {isa = PBXFileReference; lastKnownFileType = sourcecode.swift; path = MapAnnotationView.swift; sourceTree = "<group>"; };
		0039EA6A26F76B3B00C10BF9 /* MotionAnimationView.swift */ = {isa = PBXFileReference; lastKnownFileType = sourcecode.swift; path = MotionAnimationView.swift; sourceTree = "<group>"; };
		0039EA6C26F7A5B100C10BF9 /* AnimalGridItemView.swift */ = {isa = PBXFileReference; lastKnownFileType = sourcecode.swift; path = AnimalGridItemView.swift; sourceTree = "<group>"; };
		003F739C26F69950004A406B /* Safari.app */ = {isa = PBXFileReference; explicitFileType = wrapper.application; includeInIndex = 0; path = Safari.app; sourceTree = BUILT_PRODUCTS_DIR; };
		003F739F26F69950004A406B /* SafariApp.swift */ = {isa = PBXFileReference; lastKnownFileType = sourcecode.swift; path = SafariApp.swift; sourceTree = "<group>"; };
		003F73A126F69950004A406B /* ContentView.swift */ = {isa = PBXFileReference; lastKnownFileType = sourcecode.swift; path = ContentView.swift; sourceTree = "<group>"; };
		003F73A326F69952004A406B /* Assets.xcassets */ = {isa = PBXFileReference; lastKnownFileType = folder.assetcatalog; path = Assets.xcassets; sourceTree = "<group>"; };
		003F73A626F69952004A406B /* Preview Assets.xcassets */ = {isa = PBXFileReference; lastKnownFileType = folder.assetcatalog; path = "Preview Assets.xcassets"; sourceTree = "<group>"; };
		003F73A826F69952004A406B /* Info.plist */ = {isa = PBXFileReference; lastKnownFileType = text.plist.xml; path = Info.plist; sourceTree = "<group>"; };
		003F73AF26F69AF2004A406B /* giraffe.mp4 */ = {isa = PBXFileReference; lastKnownFileType = file; path = giraffe.mp4; sourceTree = "<group>"; };
		003F73B026F69AF3004A406B /* elephant.mp4 */ = {isa = PBXFileReference; lastKnownFileType = file; path = elephant.mp4; sourceTree = "<group>"; };
		003F73B126F69AF3004A406B /* hippo.mp4 */ = {isa = PBXFileReference; lastKnownFileType = file; path = hippo.mp4; sourceTree = "<group>"; };
		003F73B226F69AF4004A406B /* gorilla.mp4 */ = {isa = PBXFileReference; lastKnownFileType = file; path = gorilla.mp4; sourceTree = "<group>"; };
		003F73B326F69AF4004A406B /* ostrich.mp4 */ = {isa = PBXFileReference; lastKnownFileType = file; path = ostrich.mp4; sourceTree = "<group>"; };
		003F73B426F69AF5004A406B /* cheetah.mp4 */ = {isa = PBXFileReference; lastKnownFileType = file; path = cheetah.mp4; sourceTree = "<group>"; };
		003F73B526F69AF5004A406B /* lioness.mp4 */ = {isa = PBXFileReference; lastKnownFileType = file; path = lioness.mp4; sourceTree = "<group>"; };
		003F73B626F69AF6004A406B /* rhino.mp4 */ = {isa = PBXFileReference; lastKnownFileType = file; path = rhino.mp4; sourceTree = "<group>"; };
		003F73B726F69AF6004A406B /* zebra.mp4 */ = {isa = PBXFileReference; lastKnownFileType = file; path = zebra.mp4; sourceTree = "<group>"; };
		003F73B826F69AF7004A406B /* lion.mp4 */ = {isa = PBXFileReference; lastKnownFileType = file; path = lion.mp4; sourceTree = "<group>"; };
		003F73C426F69B17004A406B /* videos.json */ = {isa = PBXFileReference; fileEncoding = 4; lastKnownFileType = text.json; path = videos.json; sourceTree = "<group>"; };
		003F73C526F69B17004A406B /* animals.json */ = {isa = PBXFileReference; fileEncoding = 4; lastKnownFileType = text.json; path = animals.json; sourceTree = "<group>"; };
		003F73C626F69B17004A406B /* locations.json */ = {isa = PBXFileReference; fileEncoding = 4; lastKnownFileType = text.json; path = locations.json; sourceTree = "<group>"; };
		003F73C726F69B17004A406B /* covers.json */ = {isa = PBXFileReference; fileEncoding = 4; lastKnownFileType = text.json; path = covers.json; sourceTree = "<group>"; };
		003F73CD26F69C92004A406B /* VideoListView.swift */ = {isa = PBXFileReference; lastKnownFileType = sourcecode.swift; path = VideoListView.swift; sourceTree = "<group>"; };
		003F73CF26F69CC5004A406B /* MapView.swift */ = {isa = PBXFileReference; lastKnownFileType = sourcecode.swift; path = MapView.swift; sourceTree = "<group>"; };
		003F73D226F69CE7004A406B /* GalleryView.swift */ = {isa = PBXFileReference; lastKnownFileType = sourcecode.swift; path = GalleryView.swift; sourceTree = "<group>"; };
		003F73D426F69CFC004A406B /* MainView.swift */ = {isa = PBXFileReference; lastKnownFileType = sourcecode.swift; path = MainView.swift; sourceTree = "<group>"; };
		003F73D726F69F67004A406B /* CoverImageView.swift */ = {isa = PBXFileReference; lastKnownFileType = sourcecode.swift; path = CoverImageView.swift; sourceTree = "<group>"; };
		003F73DA26F6A10A004A406B /* CoverImageModel.swift */ = {isa = PBXFileReference; lastKnownFileType = sourcecode.swift; path = CoverImageModel.swift; sourceTree = "<group>"; };
		003F73DD26F6A19F004A406B /* CodableBundleExtension.swift */ = {isa = PBXFileReference; lastKnownFileType = sourcecode.swift; path = CodableBundleExtension.swift; sourceTree = "<group>"; };
		00F07EA926F70CDE00F5DD33 /* AnimalaListItemView.swift */ = {isa = PBXFileReference; lastKnownFileType = sourcecode.swift; path = AnimalaListItemView.swift; sourceTree = "<group>"; };
		00F07EAB26F70EDE00F5DD33 /* AnimalModel.swift */ = {isa = PBXFileReference; lastKnownFileType = sourcecode.swift; path = AnimalModel.swift; sourceTree = "<group>"; };
		00F07EAD26F7222C00F5DD33 /* AnimalDetailView.swift */ = {isa = PBXFileReference; lastKnownFileType = sourcecode.swift; path = AnimalDetailView.swift; sourceTree = "<group>"; };
		00F07EAF26F724FB00F5DD33 /* HeadingView.swift */ = {isa = PBXFileReference; lastKnownFileType = sourcecode.swift; path = HeadingView.swift; sourceTree = "<group>"; };
		00F07EB126F7268100F5DD33 /* InsetGalleryView.swift */ = {isa = PBXFileReference; lastKnownFileType = sourcecode.swift; path = InsetGalleryView.swift; sourceTree = "<group>"; };
		00F07EB326F72B7200F5DD33 /* InsetFactView.swift */ = {isa = PBXFileReference; lastKnownFileType = sourcecode.swift; path = InsetFactView.swift; sourceTree = "<group>"; };
		00F07EB526F72E5400F5DD33 /* InsetMapView.swift */ = {isa = PBXFileReference; lastKnownFileType = sourcecode.swift; path = InsetMapView.swift; sourceTree = "<group>"; };
		00F07EB726F7324500F5DD33 /* ExternalWebLinkView.swift */ = {isa = PBXFileReference; lastKnownFileType = sourcecode.swift; path = ExternalWebLinkView.swift; sourceTree = "<group>"; };
		00F07EB926F73B6700F5DD33 /* Video.swift */ = {isa = PBXFileReference; lastKnownFileType = sourcecode.swift; path = Video.swift; sourceTree = "<group>"; };
		00F07EBB26F73BA200F5DD33 /* VideListItemView.swift */ = {isa = PBXFileReference; lastKnownFileType = sourcecode.swift; path = VideListItemView.swift; sourceTree = "<group>"; };
		00F07EBD26F7412A00F5DD33 /* VideoPlayerView.swift */ = {isa = PBXFileReference; lastKnownFileType = sourcecode.swift; path = VideoPlayerView.swift; sourceTree = "<group>"; };
/* End PBXFileReference section */

/* Begin PBXFrameworksBuildPhase section */
		003F739926F69950004A406B /* Frameworks */ = {
			isa = PBXFrameworksBuildPhase;
			buildActionMask = 2147483647;
			files = (
			);
			runOnlyForDeploymentPostprocessing = 0;
		};
/* End PBXFrameworksBuildPhase section */

/* Begin PBXGroup section */
		0039EA6326F7597300C10BF9 /* Helper */ = {
			isa = PBXGroup;
			children = (
				0039EA6426F7598200C10BF9 /* VideoPlayerHelper.swift */,
			);
			path = Helper;
			sourceTree = "<group>";
		};
		003F739326F69950004A406B = {
			isa = PBXGroup;
			children = (
				003F739E26F69950004A406B /* Safari */,
				003F739D26F69950004A406B /* Products */,
			);
			sourceTree = "<group>";
		};
		003F739D26F69950004A406B /* Products */ = {
			isa = PBXGroup;
			children = (
				003F739C26F69950004A406B /* Safari.app */,
			);
			name = Products;
			sourceTree = "<group>";
		};
		003F739E26F69950004A406B /* Safari */ = {
			isa = PBXGroup;
			children = (
				0039EA6326F7597300C10BF9 /* Helper */,
				003F73DC26F6A185004A406B /* Extension */,
				003F73D926F6A0FA004A406B /* Model */,
				003F73D626F69F5B004A406B /* View */,
				003F73C326F69B08004A406B /* Data */,
				003F73AE26F69AD3004A406B /* Video */,
				003F73CC26F69C5A004A406B /* App */,
				003F73A326F69952004A406B /* Assets.xcassets */,
				003F73A826F69952004A406B /* Info.plist */,
				003F73A526F69952004A406B /* Preview Content */,
			);
			path = Safari;
			sourceTree = "<group>";
		};
		003F73A526F69952004A406B /* Preview Content */ = {
			isa = PBXGroup;
			children = (
				003F73A626F69952004A406B /* Preview Assets.xcassets */,
			);
			path = "Preview Content";
			sourceTree = "<group>";
		};
		003F73AE26F69AD3004A406B /* Video */ = {
			isa = PBXGroup;
			children = (
				003F73B426F69AF5004A406B /* cheetah.mp4 */,
				003F73B026F69AF3004A406B /* elephant.mp4 */,
				003F73AF26F69AF2004A406B /* giraffe.mp4 */,
				003F73B226F69AF4004A406B /* gorilla.mp4 */,
				003F73B126F69AF3004A406B /* hippo.mp4 */,
				003F73B826F69AF7004A406B /* lion.mp4 */,
				003F73B526F69AF5004A406B /* lioness.mp4 */,
				003F73B326F69AF4004A406B /* ostrich.mp4 */,
				003F73B626F69AF6004A406B /* rhino.mp4 */,
				003F73B726F69AF6004A406B /* zebra.mp4 */,
			);
			path = Video;
			sourceTree = "<group>";
		};
		003F73C326F69B08004A406B /* Data */ = {
			isa = PBXGroup;
			children = (
				003F73C526F69B17004A406B /* animals.json */,
				003F73C726F69B17004A406B /* covers.json */,
				003F73C626F69B17004A406B /* locations.json */,
				003F73C426F69B17004A406B /* videos.json */,
			);
			path = Data;
			sourceTree = "<group>";
		};
		003F73CC26F69C5A004A406B /* App */ = {
			isa = PBXGroup;
			children = (
				003F739F26F69950004A406B /* SafariApp.swift */,
				003F73A126F69950004A406B /* ContentView.swift */,
				003F73CD26F69C92004A406B /* VideoListView.swift */,
				003F73CF26F69CC5004A406B /* MapView.swift */,
				003F73D226F69CE7004A406B /* GalleryView.swift */,
				003F73D426F69CFC004A406B /* MainView.swift */,
			);
			path = App;
			sourceTree = "<group>";
		};
		003F73D626F69F5B004A406B /* View */ = {
			isa = PBXGroup;
			children = (
				003F73D726F69F67004A406B /* CoverImageView.swift */,
				00F07EA926F70CDE00F5DD33 /* AnimalaListItemView.swift */,
				00F07EAD26F7222C00F5DD33 /* AnimalDetailView.swift */,
				00F07EAF26F724FB00F5DD33 /* HeadingView.swift */,
				00F07EB126F7268100F5DD33 /* InsetGalleryView.swift */,
				00F07EB326F72B7200F5DD33 /* InsetFactView.swift */,
				00F07EB526F72E5400F5DD33 /* InsetMapView.swift */,
				00F07EB726F7324500F5DD33 /* ExternalWebLinkView.swift */,
				00F07EBB26F73BA200F5DD33 /* VideListItemView.swift */,
				00F07EBD26F7412A00F5DD33 /* VideoPlayerView.swift */,
				0039EA6826F7637400C10BF9 /* MapAnnotationView.swift */,
				0039EA6A26F76B3B00C10BF9 /* MotionAnimationView.swift */,
				0039EA6C26F7A5B100C10BF9 /* AnimalGridItemView.swift */,
			);
			path = View;
			sourceTree = "<group>";
		};
		003F73D926F6A0FA004A406B /* Model */ = {
			isa = PBXGroup;
			children = (
				003F73DA26F6A10A004A406B /* CoverImageModel.swift */,
				00F07EAB26F70EDE00F5DD33 /* AnimalModel.swift */,
				00F07EB926F73B6700F5DD33 /* Video.swift */,
				0039EA6626F75DD700C10BF9 /* NationalParkLocation.swift */,
			);
			path = Model;
			sourceTree = "<group>";
		};
		003F73DC26F6A185004A406B /* Extension */ = {
			isa = PBXGroup;
			children = (
				003F73DD26F6A19F004A406B /* CodableBundleExtension.swift */,
			);
			path = Extension;
			sourceTree = "<group>";
		};
/* End PBXGroup section */

/* Begin PBXNativeTarget section */
		003F739B26F69950004A406B /* Safari */ = {
			isa = PBXNativeTarget;
			buildConfigurationList = 003F73AB26F69952004A406B /* Build configuration list for PBXNativeTarget "Safari" */;
			buildPhases = (
				003F739826F69950004A406B /* Sources */,
				003F739926F69950004A406B /* Frameworks */,
				003F739A26F69950004A406B /* Resources */,
			);
			buildRules = (
			);
			dependencies = (
			);
			name = Safari;
			productName = Safari;
			productReference = 003F739C26F69950004A406B /* Safari.app */;
			productType = "com.apple.product-type.application";
		};
/* End PBXNativeTarget section */

/* Begin PBXProject section */
		003F739426F69950004A406B /* Project object */ = {
			isa = PBXProject;
			attributes = {
				LastSwiftUpdateCheck = 1250;
				LastUpgradeCheck = 1250;
				TargetAttributes = {
					003F739B26F69950004A406B = {
						CreatedOnToolsVersion = 12.5.1;
					};
				};
			};
			buildConfigurationList = 003F739726F69950004A406B /* Build configuration list for PBXProject "Safari" */;
			compatibilityVersion = "Xcode 9.3";
			developmentRegion = en;
			hasScannedForEncodings = 0;
			knownRegions = (
				en,
				Base,
			);
			mainGroup = 003F739326F69950004A406B;
			productRefGroup = 003F739D26F69950004A406B /* Products */;
			projectDirPath = "";
			projectRoot = "";
			targets = (
				003F739B26F69950004A406B /* Safari */,
			);
		};
/* End PBXProject section */

/* Begin PBXResourcesBuildPhase section */
		003F739A26F69950004A406B /* Resources */ = {
			isa = PBXResourcesBuildPhase;
			buildActionMask = 2147483647;
			files = (
				003F73BB26F69AF7004A406B /* hippo.mp4 in Resources */,
				003F73C226F69AF7004A406B /* lion.mp4 in Resources */,
				003F73BD26F69AF7004A406B /* ostrich.mp4 in Resources */,
				003F73BF26F69AF7004A406B /* lioness.mp4 in Resources */,
				003F73C826F69B17004A406B /* videos.json in Resources */,
				003F73CB26F69B18004A406B /* covers.json in Resources */,
				003F73BA26F69AF7004A406B /* elephant.mp4 in Resources */,
				003F73A726F69952004A406B /* Preview Assets.xcassets in Resources */,
				003F73CA26F69B18004A406B /* locations.json in Resources */,
				003F73C926F69B17004A406B /* animals.json in Resources */,
				003F73BE26F69AF7004A406B /* cheetah.mp4 in Resources */,
				003F73C126F69AF7004A406B /* zebra.mp4 in Resources */,
				003F73A426F69952004A406B /* Assets.xcassets in Resources */,
				003F73BC26F69AF7004A406B /* gorilla.mp4 in Resources */,
				003F73C026F69AF7004A406B /* rhino.mp4 in Resources */,
				003F73B926F69AF7004A406B /* giraffe.mp4 in Resources */,
			);
			runOnlyForDeploymentPostprocessing = 0;
		};
/* End PBXResourcesBuildPhase section */

/* Begin PBXSourcesBuildPhase section */
		003F739826F69950004A406B /* Sources */ = {
			isa = PBXSourcesBuildPhase;
			buildActionMask = 2147483647;
			files = (
				003F73A226F69950004A406B /* ContentView.swift in Sources */,
				003F73D526F69CFC004A406B /* MainView.swift in Sources */,
				003F73D826F69F67004A406B /* CoverImageView.swift in Sources */,
				00F07EB426F72B7200F5DD33 /* InsetFactView.swift in Sources */,
				00F07EBC26F73BA200F5DD33 /* VideListItemView.swift in Sources */,
				003F73DB26F6A10A004A406B /* CoverImageModel.swift in Sources */,
				003F73D026F69CC5004A406B /* MapView.swift in Sources */,
				00F07EAE26F7222C00F5DD33 /* AnimalDetailView.swift in Sources */,
				00F07EAC26F70EDE00F5DD33 /* AnimalModel.swift in Sources */,
				00F07EAA26F70CDE00F5DD33 /* AnimalaListItemView.swift in Sources */,
				0039EA6526F7598200C10BF9 /* VideoPlayerHelper.swift in Sources */,
				00F07EB626F72E5400F5DD33 /* InsetMapView.swift in Sources */,
				003F73A026F69950004A406B /* SafariApp.swift in Sources */,
				0039EA6926F7637400C10BF9 /* MapAnnotationView.swift in Sources */,
				00F07EB826F7324500F5DD33 /* ExternalWebLinkView.swift in Sources */,
				003F73CE26F69C92004A406B /* VideoListView.swift in Sources */,
				00F07EBA26F73B6700F5DD33 /* Video.swift in Sources */,
				003F73D326F69CE7004A406B /* GalleryView.swift in Sources */,
				0039EA6D26F7A5B100C10BF9 /* AnimalGridItemView.swift in Sources */,
				00F07EB226F7268100F5DD33 /* InsetGalleryView.swift in Sources */,
				0039EA6726F75DD700C10BF9 /* NationalParkLocation.swift in Sources */,
				003F73DE26F6A19F004A406B /* CodableBundleExtension.swift in Sources */,
				0039EA6B26F76B3B00C10BF9 /* MotionAnimationView.swift in Sources */,
				00F07EB026F724FB00F5DD33 /* HeadingView.swift in Sources */,
				00F07EBE26F7412A00F5DD33 /* VideoPlayerView.swift in Sources */,
			);
			runOnlyForDeploymentPostprocessing = 0;
		};
/* End PBXSourcesBuildPhase section */

/* Begin XCBuildConfiguration section */
		003F73A926F69952004A406B /* Debug */ = {
			isa = XCBuildConfiguration;
			buildSettings = {
				ALWAYS_SEARCH_USER_PATHS = NO;
				CLANG_ANALYZER_NONNULL = YES;
				CLANG_ANALYZER_NUMBER_OBJECT_CONVERSION = YES_AGGRESSIVE;
				CLANG_CXX_LANGUAGE_STANDARD = "gnu++14";
				CLANG_CXX_LIBRARY = "libc++";
				CLANG_ENABLE_MODULES = YES;
				CLANG_ENABLE_OBJC_ARC = YES;
				CLANG_ENABLE_OBJC_WEAK = YES;
				CLANG_WARN_BLOCK_CAPTURE_AUTORELEASING = YES;
				CLANG_WARN_BOOL_CONVERSION = YES;
				CLANG_WARN_COMMA = YES;
				CLANG_WARN_CONSTANT_CONVERSION = YES;
				CLANG_WARN_DEPRECATED_OBJC_IMPLEMENTATIONS = YES;
				CLANG_WARN_DIRECT_OBJC_ISA_USAGE = YES_ERROR;
				CLANG_WARN_DOCUMENTATION_COMMENTS = YES;
				CLANG_WARN_EMPTY_BODY = YES;
				CLANG_WARN_ENUM_CONVERSION = YES;
				CLANG_WARN_INFINITE_RECURSION = YES;
				CLANG_WARN_INT_CONVERSION = YES;
				CLANG_WARN_NON_LITERAL_NULL_CONVERSION = YES;
				CLANG_WARN_OBJC_IMPLICIT_RETAIN_SELF = YES;
				CLANG_WARN_OBJC_LITERAL_CONVERSION = YES;
				CLANG_WARN_OBJC_ROOT_CLASS = YES_ERROR;
				CLANG_WARN_QUOTED_INCLUDE_IN_FRAMEWORK_HEADER = YES;
				CLANG_WARN_RANGE_LOOP_ANALYSIS = YES;
				CLANG_WARN_STRICT_PROTOTYPES = YES;
				CLANG_WARN_SUSPICIOUS_MOVE = YES;
				CLANG_WARN_UNGUARDED_AVAILABILITY = YES_AGGRESSIVE;
				CLANG_WARN_UNREACHABLE_CODE = YES;
				CLANG_WARN__DUPLICATE_METHOD_MATCH = YES;
				COPY_PHASE_STRIP = NO;
				DEBUG_INFORMATION_FORMAT = dwarf;
				ENABLE_STRICT_OBJC_MSGSEND = YES;
				ENABLE_TESTABILITY = YES;
				GCC_C_LANGUAGE_STANDARD = gnu11;
				GCC_DYNAMIC_NO_PIC = NO;
				GCC_NO_COMMON_BLOCKS = YES;
				GCC_OPTIMIZATION_LEVEL = 0;
				GCC_PREPROCESSOR_DEFINITIONS = (
					"DEBUG=1",
					"$(inherited)",
				);
				GCC_WARN_64_TO_32_BIT_CONVERSION = YES;
				GCC_WARN_ABOUT_RETURN_TYPE = YES_ERROR;
				GCC_WARN_UNDECLARED_SELECTOR = YES;
				GCC_WARN_UNINITIALIZED_AUTOS = YES_AGGRESSIVE;
				GCC_WARN_UNUSED_FUNCTION = YES;
				GCC_WARN_UNUSED_VARIABLE = YES;
				IPHONEOS_DEPLOYMENT_TARGET = 14.5;
				MTL_ENABLE_DEBUG_INFO = INCLUDE_SOURCE;
				MTL_FAST_MATH = YES;
				ONLY_ACTIVE_ARCH = YES;
				SDKROOT = iphoneos;
				SWIFT_ACTIVE_COMPILATION_CONDITIONS = DEBUG;
				SWIFT_OPTIMIZATION_LEVEL = "-Onone";
			};
			name = Debug;
		};
		003F73AA26F69952004A406B /* Release */ = {
			isa = XCBuildConfiguration;
			buildSettings = {
				ALWAYS_SEARCH_USER_PATHS = NO;
				CLANG_ANALYZER_NONNULL = YES;
				CLANG_ANALYZER_NUMBER_OBJECT_CONVERSION = YES_AGGRESSIVE;
				CLANG_CXX_LANGUAGE_STANDARD = "gnu++14";
				CLANG_CXX_LIBRARY = "libc++";
				CLANG_ENABLE_MODULES = YES;
				CLANG_ENABLE_OBJC_ARC = YES;
				CLANG_ENABLE_OBJC_WEAK = YES;
				CLANG_WARN_BLOCK_CAPTURE_AUTORELEASING = YES;
				CLANG_WARN_BOOL_CONVERSION = YES;
				CLANG_WARN_COMMA = YES;
				CLANG_WARN_CONSTANT_CONVERSION = YES;
				CLANG_WARN_DEPRECATED_OBJC_IMPLEMENTATIONS = YES;
				CLANG_WARN_DIRECT_OBJC_ISA_USAGE = YES_ERROR;
				CLANG_WARN_DOCUMENTATION_COMMENTS = YES;
				CLANG_WARN_EMPTY_BODY = YES;
				CLANG_WARN_ENUM_CONVERSION = YES;
				CLANG_WARN_INFINITE_RECURSION = YES;
				CLANG_WARN_INT_CONVERSION = YES;
				CLANG_WARN_NON_LITERAL_NULL_CONVERSION = YES;
				CLANG_WARN_OBJC_IMPLICIT_RETAIN_SELF = YES;
				CLANG_WARN_OBJC_LITERAL_CONVERSION = YES;
				CLANG_WARN_OBJC_ROOT_CLASS = YES_ERROR;
				CLANG_WARN_QUOTED_INCLUDE_IN_FRAMEWORK_HEADER = YES;
				CLANG_WARN_RANGE_LOOP_ANALYSIS = YES;
				CLANG_WARN_STRICT_PROTOTYPES = YES;
				CLANG_WARN_SUSPICIOUS_MOVE = YES;
				CLANG_WARN_UNGUARDED_AVAILABILITY = YES_AGGRESSIVE;
				CLANG_WARN_UNREACHABLE_CODE = YES;
				CLANG_WARN__DUPLICATE_METHOD_MATCH = YES;
				COPY_PHASE_STRIP = NO;
				DEBUG_INFORMATION_FORMAT = "dwarf-with-dsym";
				ENABLE_NS_ASSERTIONS = NO;
				ENABLE_STRICT_OBJC_MSGSEND = YES;
				GCC_C_LANGUAGE_STANDARD = gnu11;
				GCC_NO_COMMON_BLOCKS = YES;
				GCC_WARN_64_TO_32_BIT_CONVERSION = YES;
				GCC_WARN_ABOUT_RETURN_TYPE = YES_ERROR;
				GCC_WARN_UNDECLARED_SELECTOR = YES;
				GCC_WARN_UNINITIALIZED_AUTOS = YES_AGGRESSIVE;
				GCC_WARN_UNUSED_FUNCTION = YES;
				GCC_WARN_UNUSED_VARIABLE = YES;
				IPHONEOS_DEPLOYMENT_TARGET = 14.5;
				MTL_ENABLE_DEBUG_INFO = NO;
				MTL_FAST_MATH = YES;
				SDKROOT = iphoneos;
				SWIFT_COMPILATION_MODE = wholemodule;
				SWIFT_OPTIMIZATION_LEVEL = "-O";
				VALIDATE_PRODUCT = YES;
			};
			name = Release;
		};
		003F73AC26F69952004A406B /* Debug */ = {
			isa = XCBuildConfiguration;
			buildSettings = {
				ASSETCATALOG_COMPILER_APPICON_NAME = AppIcon;
				ASSETCATALOG_COMPILER_GLOBAL_ACCENT_COLOR_NAME = AccentColor;
				CODE_SIGN_STYLE = Automatic;
				DEVELOPMENT_ASSET_PATHS = "\"Safari/Preview Content\"";
				DEVELOPMENT_TEAM = D4T62J4499;
				ENABLE_PREVIEWS = YES;
				INFOPLIST_FILE = Safari/Info.plist;
				IPHONEOS_DEPLOYMENT_TARGET = 14.0;
				LD_RUNPATH_SEARCH_PATHS = (
					"$(inherited)",
					"@executable_path/Frameworks",
				);
				PRODUCT_BUNDLE_IDENTIFIER = com.mct.Safari;
				PRODUCT_NAME = "$(TARGET_NAME)";
				SWIFT_VERSION = 5.0;
				TARGETED_DEVICE_FAMILY = "1,2";
			};
			name = Debug;
		};
		003F73AD26F69952004A406B /* Release */ = {
			isa = XCBuildConfiguration;
			buildSettings = {
				ASSETCATALOG_COMPILER_APPICON_NAME = AppIcon;
				ASSETCATALOG_COMPILER_GLOBAL_ACCENT_COLOR_NAME = AccentColor;
				CODE_SIGN_STYLE = Automatic;
				DEVELOPMENT_ASSET_PATHS = "\"Safari/Preview Content\"";
				DEVELOPMENT_TEAM = D4T62J4499;
				ENABLE_PREVIEWS = YES;
				INFOPLIST_FILE = Safari/Info.plist;
				IPHONEOS_DEPLOYMENT_TARGET = 14.0;
				LD_RUNPATH_SEARCH_PATHS = (
					"$(inherited)",
					"@executable_path/Frameworks",
				);
				PRODUCT_BUNDLE_IDENTIFIER = com.mct.Safari;
				PRODUCT_NAME = "$(TARGET_NAME)";
				SWIFT_VERSION = 5.0;
				TARGETED_DEVICE_FAMILY = "1,2";
			};
			name = Release;
		};
/* End XCBuildConfiguration section */

/* Begin XCConfigurationList section */
		003F739726F69950004A406B /* Build configuration list for PBXProject "Safari" */ = {
			isa = XCConfigurationList;
			buildConfigurations = (
				003F73A926F69952004A406B /* Debug */,
				003F73AA26F69952004A406B /* Release */,
			);
			defaultConfigurationIsVisible = 0;
			defaultConfigurationName = Release;
		};
		003F73AB26F69952004A406B /* Build configuration list for PBXNativeTarget "Safari" */ = {
			isa = XCConfigurationList;
			buildConfigurations = (
				003F73AC26F69952004A406B /* Debug */,
				003F73AD26F69952004A406B /* Release */,
			);
			defaultConfigurationIsVisible = 0;
			defaultConfigurationName = Release;
		};
/* End XCConfigurationList section */
	};
	rootObject = 003F739426F69950004A406B /* Project object */;
}
