// !$*UTF8*$!
{
	archiveVersion = 1;
	classes = {
	};
	objectVersion = 50;
	objects = {

/* Begin PBXBuildFile section */
		005F91972550415B0002F60F /* LoginViewDesingApp.swift in Sources */ = {isa = PBXBuildFile; fileRef = 005F91962550415B0002F60F /* LoginViewDesingApp.swift */; };
		005F91992550415B0002F60F /* ContentView.swift in Sources */ = {isa = PBXBuildFile; fileRef = 005F91982550415B0002F60F /* ContentView.swift */; };
		005F919B2550415C0002F60F /* Assets.xcassets in Resources */ = {isa = PBXBuildFile; fileRef = 005F919A2550415C0002F60F /* Assets.xcassets */; };
		005F919E2550415C0002F60F /* Preview Assets.xcassets in Resources */ = {isa = PBXBuildFile; fileRef = 005F919D2550415C0002F60F /* Preview Assets.xcassets */; };
		005F91A8255042820002F60F /* Login.swift in Sources */ = {isa = PBXBuildFile; fileRef = 005F91A7255042820002F60F /* Login.swift */; };
		005F91AC255050FA0002F60F /* SignUp.swift in Sources */ = {isa = PBXBuildFile; fileRef = 005F91AB255050FA0002F60F /* SignUp.swift */; };
		005F91AF25506D840002F60F /* Home.swift in Sources */ = {isa = PBXBuildFile; fileRef = 005F91AE25506D840002F60F /* Home.swift */; };
/* End PBXBuildFile section */

/* Begin PBXFileReference section */
		005F91932550415B0002F60F /* LoginViewDesing.app */ = {isa = PBXFileReference; explicitFileType = wrapper.application; includeInIndex = 0; path = LoginViewDesing.app; sourceTree = BUILT_PRODUCTS_DIR; };
		005F91962550415B0002F60F /* LoginViewDesingApp.swift */ = {isa = PBXFileReference; lastKnownFileType = sourcecode.swift; path = LoginViewDesingApp.swift; sourceTree = "<group>"; };
		005F91982550415B0002F60F /* ContentView.swift */ = {isa = PBXFileReference; lastKnownFileType = sourcecode.swift; path = ContentView.swift; sourceTree = "<group>"; };
		005F919A2550415C0002F60F /* Assets.xcassets */ = {isa = PBXFileReference; lastKnownFileType = folder.assetcatalog; path = Assets.xcassets; sourceTree = "<group>"; };
		005F919D2550415C0002F60F /* Preview Assets.xcassets */ = {isa = PBXFileReference; lastKnownFileType = folder.assetcatalog; path = "Preview Assets.xcassets"; sourceTree = "<group>"; };
		005F919F2550415C0002F60F /* Info.plist */ = {isa = PBXFileReference; lastKnownFileType = text.plist.xml; path = Info.plist; sourceTree = "<group>"; };
		005F91A7255042820002F60F /* Login.swift */ = {isa = PBXFileReference; lastKnownFileType = sourcecode.swift; path = Login.swift; sourceTree = "<group>"; };
		005F91AB255050FA0002F60F /* SignUp.swift */ = {isa = PBXFileReference; lastKnownFileType = sourcecode.swift; path = SignUp.swift; sourceTree = "<group>"; };
		005F91AE25506D840002F60F /* Home.swift */ = {isa = PBXFileReference; lastKnownFileType = sourcecode.swift; path = Home.swift; sourceTree = "<group>"; };
/* End PBXFileReference section */

/* Begin PBXFrameworksBuildPhase section */
		005F91902550415B0002F60F /* Frameworks */ = {
			isa = PBXFrameworksBuildPhase;
			buildActionMask = 2147483647;
			files = (
			);
			runOnlyForDeploymentPostprocessing = 0;
		};
/* End PBXFrameworksBuildPhase section */

/* Begin PBXGroup section */
		005F918A2550415B0002F60F = {
			isa = PBXGroup;
			children = (
				005F91952550415B0002F60F /* LoginViewDesing */,
				005F91942550415B0002F60F /* Products */,
			);
			sourceTree = "<group>";
		};
		005F91942550415B0002F60F /* Products */ = {
			isa = PBXGroup;
			children = (
				005F91932550415B0002F60F /* LoginViewDesing.app */,
			);
			name = Products;
			sourceTree = "<group>";
		};
		005F91952550415B0002F60F /* LoginViewDesing */ = {
			isa = PBXGroup;
			children = (
				005F91A6255042760002F60F /* Screens */,
				005F91962550415B0002F60F /* LoginViewDesingApp.swift */,
				005F91982550415B0002F60F /* ContentView.swift */,
				005F919A2550415C0002F60F /* Assets.xcassets */,
				005F919F2550415C0002F60F /* Info.plist */,
				005F919C2550415C0002F60F /* Preview Content */,
			);
			path = LoginViewDesing;
			sourceTree = "<group>";
		};
		005F919C2550415C0002F60F /* Preview Content */ = {
			isa = PBXGroup;
			children = (
				005F919D2550415C0002F60F /* Preview Assets.xcassets */,
			);
			path = "Preview Content";
			sourceTree = "<group>";
		};
		005F91A6255042760002F60F /* Screens */ = {
			isa = PBXGroup;
			children = (
				005F91A7255042820002F60F /* Login.swift */,
				005F91AB255050FA0002F60F /* SignUp.swift */,
				005F91AE25506D840002F60F /* Home.swift */,
			);
			path = Screens;
			sourceTree = "<group>";
		};
/* End PBXGroup section */

/* Begin PBXNativeTarget section */
		005F91922550415B0002F60F /* LoginViewDesing */ = {
			isa = PBXNativeTarget;
			buildConfigurationList = 005F91A22550415C0002F60F /* Build configuration list for PBXNativeTarget "LoginViewDesing" */;
			buildPhases = (
				005F918F2550415B0002F60F /* Sources */,
				005F91902550415B0002F60F /* Frameworks */,
				005F91912550415B0002F60F /* Resources */,
			);
			buildRules = (
			);
			dependencies = (
			);
			name = LoginViewDesing;
			productName = LoginViewDesing;
			productReference = 005F91932550415B0002F60F /* LoginViewDesing.app */;
			productType = "com.apple.product-type.application";
		};
/* End PBXNativeTarget section */

/* Begin PBXProject section */
		005F918B2550415B0002F60F /* Project object */ = {
			isa = PBXProject;
			attributes = {
				LastSwiftUpdateCheck = 1200;
				LastUpgradeCheck = 1200;
				TargetAttributes = {
					005F91922550415B0002F60F = {
						CreatedOnToolsVersion = 12.0.1;
					};
				};
			};
			buildConfigurationList = 005F918E2550415B0002F60F /* Build configuration list for PBXProject "LoginViewDesing" */;
			compatibilityVersion = "Xcode 9.3";
			developmentRegion = en;
			hasScannedForEncodings = 0;
			knownRegions = (
				en,
				Base,
			);
			mainGroup = 005F918A2550415B0002F60F;
			productRefGroup = 005F91942550415B0002F60F /* Products */;
			projectDirPath = "";
			projectRoot = "";
			targets = (
				005F91922550415B0002F60F /* LoginViewDesing */,
			);
		};
/* End PBXProject section */

/* Begin PBXResourcesBuildPhase section */
		005F91912550415B0002F60F /* Resources */ = {
			isa = PBXResourcesBuildPhase;
			buildActionMask = 2147483647;
			files = (
				005F919E2550415C0002F60F /* Preview Assets.xcassets in Resources */,
				005F919B2550415C0002F60F /* Assets.xcassets in Resources */,
			);
			runOnlyForDeploymentPostprocessing = 0;
		};
/* End PBXResourcesBuildPhase section */

/* Begin PBXSourcesBuildPhase section */
		005F918F2550415B0002F60F /* Sources */ = {
			isa = PBXSourcesBuildPhase;
			buildActionMask = 2147483647;
			files = (
				005F91A8255042820002F60F /* Login.swift in Sources */,
				005F91AC255050FA0002F60F /* SignUp.swift in Sources */,
				005F91AF25506D840002F60F /* Home.swift in Sources */,
				005F91992550415B0002F60F /* ContentView.swift in Sources */,
				005F91972550415B0002F60F /* LoginViewDesingApp.swift in Sources */,
			);
			runOnlyForDeploymentPostprocessing = 0;
		};
/* End PBXSourcesBuildPhase section */

/* Begin XCBuildConfiguration section */
		005F91A02550415C0002F60F /* Debug */ = {
			isa = XCBuildConfiguration;
			buildSettings = {
				ALWAYS_SEARCH_USER_PATHS = NO;
				CLANG_ANALYZER_NONNULL = YES;
				CLANG_ANALYZER_NUMBER_OBJECT_CONVERSION = YES_AGGRESSIVE;
				CLANG_CXX_LANGUAGE_STANDARD = "gnu++14";
				CLANG_CXX_LIBRARY = "libc++";
				CLANG_ENABLE_MODULES = YES;
				CLANG_ENABLE_OBJC_ARC = YES;
				CLANG_ENABLE_OBJC_WEAK = YES;
				CLANG_WARN_BLOCK_CAPTURE_AUTORELEASING = YES;
				CLANG_WARN_BOOL_CONVERSION = YES;
				CLANG_WARN_COMMA = YES;
				CLANG_WARN_CONSTANT_CONVERSION = YES;
				CLANG_WARN_DEPRECATED_OBJC_IMPLEMENTATIONS = YES;
				CLANG_WARN_DIRECT_OBJC_ISA_USAGE = YES_ERROR;
				CLANG_WARN_DOCUMENTATION_COMMENTS = YES;
				CLANG_WARN_EMPTY_BODY = YES;
				CLANG_WARN_ENUM_CONVERSION = YES;
				CLANG_WARN_INFINITE_RECURSION = YES;
				CLANG_WARN_INT_CONVERSION = YES;
				CLANG_WARN_NON_LITERAL_NULL_CONVERSION = YES;
				CLANG_WARN_OBJC_IMPLICIT_RETAIN_SELF = YES;
				CLANG_WARN_OBJC_LITERAL_CONVERSION = YES;
				CLANG_WARN_OBJC_ROOT_CLASS = YES_ERROR;
				CLANG_WARN_QUOTED_INCLUDE_IN_FRAMEWORK_HEADER = YES;
				CLANG_WARN_RANGE_LOOP_ANALYSIS = YES;
				CLANG_WARN_STRICT_PROTOTYPES = YES;
				CLANG_WARN_SUSPICIOUS_MOVE = YES;
				CLANG_WARN_UNGUARDED_AVAILABILITY = YES_AGGRESSIVE;
				CLANG_WARN_UNREACHABLE_CODE = YES;
				CLANG_WARN__DUPLICATE_METHOD_MATCH = YES;
				COPY_PHASE_STRIP = NO;
				DEBUG_INFORMATION_FORMAT = dwarf;
				ENABLE_STRICT_OBJC_MSGSEND = YES;
				ENABLE_TESTABILITY = YES;
				GCC_C_LANGUAGE_STANDARD = gnu11;
				GCC_DYNAMIC_NO_PIC = NO;
				GCC_NO_COMMON_BLOCKS = YES;
				GCC_OPTIMIZATION_LEVEL = 0;
				GCC_PREPROCESSOR_DEFINITIONS = (
					"DEBUG=1",
					"$(inherited)",
				);
				GCC_WARN_64_TO_32_BIT_CONVERSION = YES;
				GCC_WARN_ABOUT_RETURN_TYPE = YES_ERROR;
				GCC_WARN_UNDECLARED_SELECTOR = YES;
				GCC_WARN_UNINITIALIZED_AUTOS = YES_AGGRESSIVE;
				GCC_WARN_UNUSED_FUNCTION = YES;
				GCC_WARN_UNUSED_VARIABLE = YES;
				IPHONEOS_DEPLOYMENT_TARGET = 14.0;
				MTL_ENABLE_DEBUG_INFO = INCLUDE_SOURCE;
				MTL_FAST_MATH = YES;
				ONLY_ACTIVE_ARCH = YES;
				SDKROOT = iphoneos;
				SWIFT_ACTIVE_COMPILATION_CONDITIONS = DEBUG;
				SWIFT_OPTIMIZATION_LEVEL = "-Onone";
			};
			name = Debug;
		};
		005F91A12550415C0002F60F /* Release */ = {
			isa = XCBuildConfiguration;
			buildSettings = {
				ALWAYS_SEARCH_USER_PATHS = NO;
				CLANG_ANALYZER_NONNULL = YES;
				CLANG_ANALYZER_NUMBER_OBJECT_CONVERSION = YES_AGGRESSIVE;
				CLANG_CXX_LANGUAGE_STANDARD = "gnu++14";
				CLANG_CXX_LIBRARY = "libc++";
				CLANG_ENABLE_MODULES = YES;
				CLANG_ENABLE_OBJC_ARC = YES;
				CLANG_ENABLE_OBJC_WEAK = YES;
				CLANG_WARN_BLOCK_CAPTURE_AUTORELEASING = YES;
				CLANG_WARN_BOOL_CONVERSION = YES;
				CLANG_WARN_COMMA = YES;
				CLANG_WARN_CONSTANT_CONVERSION = YES;
				CLANG_WARN_DEPRECATED_OBJC_IMPLEMENTATIONS = YES;
				CLANG_WARN_DIRECT_OBJC_ISA_USAGE = YES_ERROR;
				CLANG_WARN_DOCUMENTATION_COMMENTS = YES;
				CLANG_WARN_EMPTY_BODY = YES;
				CLANG_WARN_ENUM_CONVERSION = YES;
				CLANG_WARN_INFINITE_RECURSION = YES;
				CLANG_WARN_INT_CONVERSION = YES;
				CLANG_WARN_NON_LITERAL_NULL_CONVERSION = YES;
				CLANG_WARN_OBJC_IMPLICIT_RETAIN_SELF = YES;
				CLANG_WARN_OBJC_LITERAL_CONVERSION = YES;
				CLANG_WARN_OBJC_ROOT_CLASS = YES_ERROR;
				CLANG_WARN_QUOTED_INCLUDE_IN_FRAMEWORK_HEADER = YES;
				CLANG_WARN_RANGE_LOOP_ANALYSIS = YES;
				CLANG_WARN_STRICT_PROTOTYPES = YES;
				CLANG_WARN_SUSPICIOUS_MOVE = YES;
				CLANG_WARN_UNGUARDED_AVAILABILITY = YES_AGGRESSIVE;
				CLANG_WARN_UNREACHABLE_CODE = YES;
				CLANG_WARN__DUPLICATE_METHOD_MATCH = YES;
				COPY_PHASE_STRIP = NO;
				DEBUG_INFORMATION_FORMAT = "dwarf-with-dsym";
				ENABLE_NS_ASSERTIONS = NO;
				ENABLE_STRICT_OBJC_MSGSEND = YES;
				GCC_C_LANGUAGE_STANDARD = gnu11;
				GCC_NO_COMMON_BLOCKS = YES;
				GCC_WARN_64_TO_32_BIT_CONVERSION = YES;
				GCC_WARN_ABOUT_RETURN_TYPE = YES_ERROR;
				GCC_WARN_UNDECLARED_SELECTOR = YES;
				GCC_WARN_UNINITIALIZED_AUTOS = YES_AGGRESSIVE;
				GCC_WARN_UNUSED_FUNCTION = YES;
				GCC_WARN_UNUSED_VARIABLE = YES;
				IPHONEOS_DEPLOYMENT_TARGET = 14.0;
				MTL_ENABLE_DEBUG_INFO = NO;
				MTL_FAST_MATH = YES;
				SDKROOT = iphoneos;
				SWIFT_COMPILATION_MODE = wholemodule;
				SWIFT_OPTIMIZATION_LEVEL = "-O";
				VALIDATE_PRODUCT = YES;
			};
			name = Release;
		};
		005F91A32550415C0002F60F /* Debug */ = {
			isa = XCBuildConfiguration;
			buildSettings = {
				ASSETCATALOG_COMPILER_APPICON_NAME = AppIcon;
				ASSETCATALOG_COMPILER_GLOBAL_ACCENT_COLOR_NAME = AccentColor;
				CODE_SIGN_STYLE = Automatic;
				DEVELOPMENT_ASSET_PATHS = "\"LoginViewDesing/Preview Content\"";
				DEVELOPMENT_TEAM = D4T62J4499;
				ENABLE_PREVIEWS = YES;
				INFOPLIST_FILE = LoginViewDesing/Info.plist;
				IPHONEOS_DEPLOYMENT_TARGET = 14.0;
				LD_RUNPATH_SEARCH_PATHS = (
					"$(inherited)",
					"@executable_path/Frameworks",
				);
				PRODUCT_BUNDLE_IDENTIFIER = com.mct.LoginViewDesing;
				PRODUCT_NAME = "$(TARGET_NAME)";
				SWIFT_VERSION = 5.0;
				TARGETED_DEVICE_FAMILY = "1,2";
			};
			name = Debug;
		};
		005F91A42550415C0002F60F /* Release */ = {
			isa = XCBuildConfiguration;
			buildSettings = {
				ASSETCATALOG_COMPILER_APPICON_NAME = AppIcon;
				ASSETCATALOG_COMPILER_GLOBAL_ACCENT_COLOR_NAME = AccentColor;
				CODE_SIGN_STYLE = Automatic;
				DEVELOPMENT_ASSET_PATHS = "\"LoginViewDesing/Preview Content\"";
				DEVELOPMENT_TEAM = D4T62J4499;
				ENABLE_PREVIEWS = YES;
				INFOPLIST_FILE = LoginViewDesing/Info.plist;
				IPHONEOS_DEPLOYMENT_TARGET = 14.0;
				LD_RUNPATH_SEARCH_PATHS = (
					"$(inherited)",
					"@executable_path/Frameworks",
				);
				PRODUCT_BUNDLE_IDENTIFIER = com.mct.LoginViewDesing;
				PRODUCT_NAME = "$(TARGET_NAME)";
				SWIFT_VERSION = 5.0;
				TARGETED_DEVICE_FAMILY = "1,2";
			};
			name = Release;
		};
/* End XCBuildConfiguration section */

/* Begin XCConfigurationList section */
		005F918E2550415B0002F60F /* Build configuration list for PBXProject "LoginViewDesing" */ = {
			isa = XCConfigurationList;
			buildConfigurations = (
				005F91A02550415C0002F60F /* Debug */,
				005F91A12550415C0002F60F /* Release */,
			);
			defaultConfigurationIsVisible = 0;
			defaultConfigurationName = Release;
		};
		005F91A22550415C0002F60F /* Build configuration list for PBXNativeTarget "LoginViewDesing" */ = {
			isa = XCConfigurationList;
			buildConfigurations = (
				005F91A32550415C0002F60F /* Debug */,
				005F91A42550415C0002F60F /* Release */,
			);
			defaultConfigurationIsVisible = 0;
			defaultConfigurationName = Release;
		};
/* End XCConfigurationList section */
	};
	rootObject = 005F918B2550415B0002F60F /* Project object */;
}
